
Microsoft Visual Studio Solution File, Format Version 12.00
# Visual Studio Version 17
VisualStudioVersion = 17.12.35707.178
MinimumVisualStudioVersion = 10.0.40219.1
Project("{8BC9CEB8-8B4A-11D0-8D11-00A0C91BC942}") = "WinCse", "WinCse\WinCse.vcxproj", "{5E929ADC-27F4-4DEF-BB9B-24A59A3500D8}"
	ProjectSection(ProjectDependencies) = postProject
		{5D476E68-06D4-4C25-B9B1-F13342A0FF82} = {5D476E68-06D4-4C25-B9B1-F13342A0FF82}
		{EB3E5212-14D0-4F64-A132-FDC324C29DA6} = {EB3E5212-14D0-4F64-A132-FDC324C29DA6}
	EndProjectSection
EndProject
Project("{8BC9CEB8-8B4A-11D0-8D11-00A0C91BC942}") = "WinCseLib", "WinCseLib\WinCseLib.vcxproj", "{5D476E68-06D4-4C25-B9B1-F13342A0FF82}"
EndProject
Project("{8BC9CEB8-8B4A-11D0-8D11-00A0C91BC942}") = "WinCse-aws-s3", "WinCse-aws-s3\WinCse-aws-s3.vcxproj", "{EB3E5212-14D0-4F64-A132-FDC324C29DA6}"
	ProjectSection(ProjectDependencies) = postProject
		{5D476E68-06D4-4C25-B9B1-F13342A0FF82} = {5D476E68-06D4-4C25-B9B1-F13342A0FF82}
	EndProjectSection
EndProject
Project("{8BC9CEB8-8B4A-11D0-8D11-00A0C91BC942}") = "test-WinCseLib", "test\test-WinCseLib\test-WinCseLib.vcxproj", "{9B77508E-CD13-4CCE-B1F5-AA1ED7DA14D6}"
	ProjectSection(ProjectDependencies) = postProject
		{5D476E68-06D4-4C25-B9B1-F13342A0FF82} = {5D476E68-06D4-4C25-B9B1-F13342A0FF82}
	EndProjectSection
EndProject
Project("{F5034706-568F-408A-B7B3-4D38C6DB8A32}") = "setup-gui-aws-s3", "setup\setup-gui-aws-s3\setup-gui-aws-s3.pssproj", "{6CAFC0C6-A428-4D30-A9F9-700E829FEA51}"
EndProject
Project("{8BC9CEB8-8B4A-11D0-8D11-00A0C91BC942}") = "util-SendCtrlBreak", "util\util-SendCtrlBreak\util-SendCtrlBreak.vcxproj", "{C560C5FA-4479-4FD2-ABC4-02B157134E5C}"
EndProject
Project("{8BC9CEB8-8B4A-11D0-8D11-00A0C91BC942}") = "test-WinCse-aws-s3", "test\test-WinCse-aws-s3\test-WinCse-aws-s3.vcxproj", "{05AEB998-1535-4F6E-BD21-5B0E1FCB2592}"
	ProjectSection(ProjectDependencies) = postProject
		{5D476E68-06D4-4C25-B9B1-F13342A0FF82} = {5D476E68-06D4-4C25-B9B1-F13342A0FF82}
		{EB3E5212-14D0-4F64-A132-FDC324C29DA6} = {EB3E5212-14D0-4F64-A132-FDC324C29DA6}
	EndProjectSection
EndProject
Project("{8BC9CEB8-8B4A-11D0-8D11-00A0C91BC942}") = "util-PrintReportRequest", "util\util-PrintReportRequest\util-PrintReportRequest.vcxproj", "{9006E5A6-5FE9-4E49-BBF4-F26B6F407A35}"
EndProject
Project("{8BC9CEB8-8B4A-11D0-8D11-00A0C91BC942}") = "util-ClearCacheRequest", "util\util-ClearCacheRequest\util-ClearCacheRequest.vcxproj", "{C8E6A3AB-7746-450B-8315-F2131DE2F574}"
EndProject
Project("{8BC9CEB8-8B4A-11D0-8D11-00A0C91BC942}") = "test-aws-sdk-cpp", "test\test-aws-sdk-cpp\test-aws-sdk-cpp.vcxproj", "{FE2627B7-EE9A-4103-B80A-23340C48220C}"
EndProject
Project("{8BC9CEB8-8B4A-11D0-8D11-00A0C91BC942}") = "test-RandomIO", "test\test-RandomIO\test-RandomIO.vcxproj", "{2723CEDF-8858-4D13-BCB7-5A1CF1799CD2}"
EndProject
Project("{8BC9CEB8-8B4A-11D0-8D11-00A0C91BC942}") = "util-GetBasicInfo", "util\util-GetBasicInfo\util-GetBasicInfo.vcxproj", "{8719A75B-DA46-4388-A8A5-0F95550BA003}"
EndProject
Global
	GlobalSection(SolutionConfigurationPlatforms) = preSolution
		Debug|Any CPU = Debug|Any CPU
		Debug|x64 = Debug|x64
		Debug|x86 = Debug|x86
		Release|Any CPU = Release|Any CPU
		Release|x64 = Release|x64
		Release|x86 = Release|x86
	EndGlobalSection
	GlobalSection(ProjectConfigurationPlatforms) = postSolution
		{5E929ADC-27F4-4DEF-BB9B-24A59A3500D8}.Debug|Any CPU.ActiveCfg = Debug|x64
		{5E929ADC-27F4-4DEF-BB9B-24A59A3500D8}.Debug|Any CPU.Build.0 = Debug|x64
		{5E929ADC-27F4-4DEF-BB9B-24A59A3500D8}.Debug|x64.ActiveCfg = Debug|x64
		{5E929ADC-27F4-4DEF-BB9B-24A59A3500D8}.Debug|x64.Build.0 = Debug|x64
		{5E929ADC-27F4-4DEF-BB9B-24A59A3500D8}.Debug|x86.ActiveCfg = Debug|Win32
		{5E929ADC-27F4-4DEF-BB9B-24A59A3500D8}.Debug|x86.Build.0 = Debug|Win32
		{5E929ADC-27F4-4DEF-BB9B-24A59A3500D8}.Release|Any CPU.ActiveCfg = Release|x64
		{5E929ADC-27F4-4DEF-BB9B-24A59A3500D8}.Release|Any CPU.Build.0 = Release|x64
		{5E929ADC-27F4-4DEF-BB9B-24A59A3500D8}.Release|x64.ActiveCfg = Release|x64
		{5E929ADC-27F4-4DEF-BB9B-24A59A3500D8}.Release|x64.Build.0 = Release|x64
		{5E929ADC-27F4-4DEF-BB9B-24A59A3500D8}.Release|x86.ActiveCfg = Release|Win32
		{5E929ADC-27F4-4DEF-BB9B-24A59A3500D8}.Release|x86.Build.0 = Release|Win32
		{5D476E68-06D4-4C25-B9B1-F13342A0FF82}.Debug|Any CPU.ActiveCfg = Debug|x64
		{5D476E68-06D4-4C25-B9B1-F13342A0FF82}.Debug|Any CPU.Build.0 = Debug|x64
		{5D476E68-06D4-4C25-B9B1-F13342A0FF82}.Debug|x64.ActiveCfg = Debug|x64
		{5D476E68-06D4-4C25-B9B1-F13342A0FF82}.Debug|x64.Build.0 = Debug|x64
		{5D476E68-06D4-4C25-B9B1-F13342A0FF82}.Debug|x86.ActiveCfg = Debug|Win32
		{5D476E68-06D4-4C25-B9B1-F13342A0FF82}.Debug|x86.Build.0 = Debug|Win32
		{5D476E68-06D4-4C25-B9B1-F13342A0FF82}.Release|Any CPU.ActiveCfg = Release|x64
		{5D476E68-06D4-4C25-B9B1-F13342A0FF82}.Release|Any CPU.Build.0 = Release|x64
		{5D476E68-06D4-4C25-B9B1-F13342A0FF82}.Release|x64.ActiveCfg = Release|x64
		{5D476E68-06D4-4C25-B9B1-F13342A0FF82}.Release|x64.Build.0 = Release|x64
		{5D476E68-06D4-4C25-B9B1-F13342A0FF82}.Release|x86.ActiveCfg = Release|Win32
		{5D476E68-06D4-4C25-B9B1-F13342A0FF82}.Release|x86.Build.0 = Release|Win32
		{EB3E5212-14D0-4F64-A132-FDC324C29DA6}.Debug|Any CPU.ActiveCfg = Debug|x64
		{EB3E5212-14D0-4F64-A132-FDC324C29DA6}.Debug|Any CPU.Build.0 = Debug|x64
		{EB3E5212-14D0-4F64-A132-FDC324C29DA6}.Debug|x64.ActiveCfg = Debug|x64
		{EB3E5212-14D0-4F64-A132-FDC324C29DA6}.Debug|x64.Build.0 = Debug|x64
		{EB3E5212-14D0-4F64-A132-FDC324C29DA6}.Debug|x86.ActiveCfg = Debug|Win32
		{EB3E5212-14D0-4F64-A132-FDC324C29DA6}.Debug|x86.Build.0 = Debug|Win32
		{EB3E5212-14D0-4F64-A132-FDC324C29DA6}.Release|Any CPU.ActiveCfg = Release|x64
		{EB3E5212-14D0-4F64-A132-FDC324C29DA6}.Release|Any CPU.Build.0 = Release|x64
		{EB3E5212-14D0-4F64-A132-FDC324C29DA6}.Release|x64.ActiveCfg = Release|x64
		{EB3E5212-14D0-4F64-A132-FDC324C29DA6}.Release|x64.Build.0 = Release|x64
		{EB3E5212-14D0-4F64-A132-FDC324C29DA6}.Release|x86.ActiveCfg = Release|Win32
		{EB3E5212-14D0-4F64-A132-FDC324C29DA6}.Release|x86.Build.0 = Release|Win32
		{9B77508E-CD13-4CCE-B1F5-AA1ED7DA14D6}.Debug|Any CPU.ActiveCfg = Debug|x64
		{9B77508E-CD13-4CCE-B1F5-AA1ED7DA14D6}.Debug|Any CPU.Build.0 = Debug|x64
		{9B77508E-CD13-4CCE-B1F5-AA1ED7DA14D6}.Debug|x64.ActiveCfg = Debug|x64
		{9B77508E-CD13-4CCE-B1F5-AA1ED7DA14D6}.Debug|x64.Build.0 = Debug|x64
		{9B77508E-CD13-4CCE-B1F5-AA1ED7DA14D6}.Debug|x86.ActiveCfg = Debug|Win32
		{9B77508E-CD13-4CCE-B1F5-AA1ED7DA14D6}.Debug|x86.Build.0 = Debug|Win32
		{9B77508E-CD13-4CCE-B1F5-AA1ED7DA14D6}.Release|Any CPU.ActiveCfg = Release|x64
		{9B77508E-CD13-4CCE-B1F5-AA1ED7DA14D6}.Release|Any CPU.Build.0 = Release|x64
		{9B77508E-CD13-4CCE-B1F5-AA1ED7DA14D6}.Release|x64.ActiveCfg = Release|x64
		{9B77508E-CD13-4CCE-B1F5-AA1ED7DA14D6}.Release|x64.Build.0 = Release|x64
		{9B77508E-CD13-4CCE-B1F5-AA1ED7DA14D6}.Release|x86.ActiveCfg = Release|Win32
		{9B77508E-CD13-4CCE-B1F5-AA1ED7DA14D6}.Release|x86.Build.0 = Release|Win32
		{6CAFC0C6-A428-4D30-A9F9-700E829FEA51}.Debug|Any CPU.ActiveCfg = Debug|Any CPU
		{6CAFC0C6-A428-4D30-A9F9-700E829FEA51}.Debug|Any CPU.Build.0 = Debug|Any CPU
		{6CAFC0C6-A428-4D30-A9F9-700E829FEA51}.Debug|x64.ActiveCfg = Debug|Any CPU
		{6CAFC0C6-A428-4D30-A9F9-700E829FEA51}.Debug|x64.Build.0 = Debug|Any CPU
		{6CAFC0C6-A428-4D30-A9F9-700E829FEA51}.Debug|x86.ActiveCfg = Debug|Any CPU
		{6CAFC0C6-A428-4D30-A9F9-700E829FEA51}.Debug|x86.Build.0 = Debug|Any CPU
		{6CAFC0C6-A428-4D30-A9F9-700E829FEA51}.Release|Any CPU.ActiveCfg = Release|Any CPU
		{6CAFC0C6-A428-4D30-A9F9-700E829FEA51}.Release|Any CPU.Build.0 = Release|Any CPU
		{6CAFC0C6-A428-4D30-A9F9-700E829FEA51}.Release|x64.ActiveCfg = Release|Any CPU
		{6CAFC0C6-A428-4D30-A9F9-700E829FEA51}.Release|x64.Build.0 = Release|Any CPU
		{6CAFC0C6-A428-4D30-A9F9-700E829FEA51}.Release|x86.ActiveCfg = Release|Any CPU
		{6CAFC0C6-A428-4D30-A9F9-700E829FEA51}.Release|x86.Build.0 = Release|Any CPU
		{C560C5FA-4479-4FD2-ABC4-02B157134E5C}.Debug|Any CPU.ActiveCfg = Debug|x64
		{C560C5FA-4479-4FD2-ABC4-02B157134E5C}.Debug|Any CPU.Build.0 = Debug|x64
		{C560C5FA-4479-4FD2-ABC4-02B157134E5C}.Debug|x64.ActiveCfg = Debug|x64
		{C560C5FA-4479-4FD2-ABC4-02B157134E5C}.Debug|x64.Build.0 = Debug|x64
		{C560C5FA-4479-4FD2-ABC4-02B157134E5C}.Debug|x86.ActiveCfg = Debug|Win32
		{C560C5FA-4479-4FD2-ABC4-02B157134E5C}.Debug|x86.Build.0 = Debug|Win32
		{C560C5FA-4479-4FD2-ABC4-02B157134E5C}.Release|Any CPU.ActiveCfg = Release|x64
		{C560C5FA-4479-4FD2-ABC4-02B157134E5C}.Release|Any CPU.Build.0 = Release|x64
		{C560C5FA-4479-4FD2-ABC4-02B157134E5C}.Release|x64.ActiveCfg = Release|x64
		{C560C5FA-4479-4FD2-ABC4-02B157134E5C}.Release|x64.Build.0 = Release|x64
		{C560C5FA-4479-4FD2-ABC4-02B157134E5C}.Release|x86.ActiveCfg = Release|Win32
		{C560C5FA-4479-4FD2-ABC4-02B157134E5C}.Release|x86.Build.0 = Release|Win32
		{05AEB998-1535-4F6E-BD21-5B0E1FCB2592}.Debug|Any CPU.ActiveCfg = Debug|x64
		{05AEB998-1535-4F6E-BD21-5B0E1FCB2592}.Debug|Any CPU.Build.0 = Debug|x64
		{05AEB998-1535-4F6E-BD21-5B0E1FCB2592}.Debug|x64.ActiveCfg = Debug|x64
		{05AEB998-1535-4F6E-BD21-5B0E1FCB2592}.Debug|x64.Build.0 = Debug|x64
		{05AEB998-1535-4F6E-BD21-5B0E1FCB2592}.Debug|x86.ActiveCfg = Debug|Win32
		{05AEB998-1535-4F6E-BD21-5B0E1FCB2592}.Debug|x86.Build.0 = Debug|Win32
		{05AEB998-1535-4F6E-BD21-5B0E1FCB2592}.Release|Any CPU.ActiveCfg = Release|x64
		{05AEB998-1535-4F6E-BD21-5B0E1FCB2592}.Release|Any CPU.Build.0 = Release|x64
		{05AEB998-1535-4F6E-BD21-5B0E1FCB2592}.Release|x64.ActiveCfg = Release|x64
		{05AEB998-1535-4F6E-BD21-5B0E1FCB2592}.Release|x64.Build.0 = Release|x64
		{05AEB998-1535-4F6E-BD21-5B0E1FCB2592}.Release|x86.ActiveCfg = Release|Win32
		{05AEB998-1535-4F6E-BD21-5B0E1FCB2592}.Release|x86.Build.0 = Release|Win32
		{9006E5A6-5FE9-4E49-BBF4-F26B6F407A35}.Debug|Any CPU.ActiveCfg = Debug|x64
		{9006E5A6-5FE9-4E49-BBF4-F26B6F407A35}.Debug|Any CPU.Build.0 = Debug|x64
		{9006E5A6-5FE9-4E49-BBF4-F26B6F407A35}.Debug|x64.ActiveCfg = Debug|x64
		{9006E5A6-5FE9-4E49-BBF4-F26B6F407A35}.Debug|x64.Build.0 = Debug|x64
		{9006E5A6-5FE9-4E49-BBF4-F26B6F407A35}.Debug|x86.ActiveCfg = Debug|Win32
		{9006E5A6-5FE9-4E49-BBF4-F26B6F407A35}.Debug|x86.Build.0 = Debug|Win32
		{9006E5A6-5FE9-4E49-BBF4-F26B6F407A35}.Release|Any CPU.ActiveCfg = Release|x64
		{9006E5A6-5FE9-4E49-BBF4-F26B6F407A35}.Release|Any CPU.Build.0 = Release|x64
		{9006E5A6-5FE9-4E49-BBF4-F26B6F407A35}.Release|x64.ActiveCfg = Release|x64
		{9006E5A6-5FE9-4E49-BBF4-F26B6F407A35}.Release|x64.Build.0 = Release|x64
		{9006E5A6-5FE9-4E49-BBF4-F26B6F407A35}.Release|x86.ActiveCfg = Release|Win32
		{9006E5A6-5FE9-4E49-BBF4-F26B6F407A35}.Release|x86.Build.0 = Release|Win32
		{C8E6A3AB-7746-450B-8315-F2131DE2F574}.Debug|Any CPU.ActiveCfg = Debug|x64
		{C8E6A3AB-7746-450B-8315-F2131DE2F574}.Debug|Any CPU.Build.0 = Debug|x64
		{C8E6A3AB-7746-450B-8315-F2131DE2F574}.Debug|x64.ActiveCfg = Debug|x64
		{C8E6A3AB-7746-450B-8315-F2131DE2F574}.Debug|x64.Build.0 = Debug|x64
		{C8E6A3AB-7746-450B-8315-F2131DE2F574}.Debug|x86.ActiveCfg = Debug|Win32
		{C8E6A3AB-7746-450B-8315-F2131DE2F574}.Debug|x86.Build.0 = Debug|Win32
		{C8E6A3AB-7746-450B-8315-F2131DE2F574}.Release|Any CPU.ActiveCfg = Release|x64
		{C8E6A3AB-7746-450B-8315-F2131DE2F574}.Release|Any CPU.Build.0 = Release|x64
		{C8E6A3AB-7746-450B-8315-F2131DE2F574}.Release|x64.ActiveCfg = Release|x64
		{C8E6A3AB-7746-450B-8315-F2131DE2F574}.Release|x64.Build.0 = Release|x64
		{C8E6A3AB-7746-450B-8315-F2131DE2F574}.Release|x86.ActiveCfg = Release|Win32
		{C8E6A3AB-7746-450B-8315-F2131DE2F574}.Release|x86.Build.0 = Release|Win32
		{FE2627B7-EE9A-4103-B80A-23340C48220C}.Debug|Any CPU.ActiveCfg = Debug|x64
		{FE2627B7-EE9A-4103-B80A-23340C48220C}.Debug|Any CPU.Build.0 = Debug|x64
		{FE2627B7-EE9A-4103-B80A-23340C48220C}.Debug|x64.ActiveCfg = Debug|x64
		{FE2627B7-EE9A-4103-B80A-23340C48220C}.Debug|x64.Build.0 = Debug|x64
		{FE2627B7-EE9A-4103-B80A-23340C48220C}.Debug|x86.ActiveCfg = Debug|Win32
		{FE2627B7-EE9A-4103-B80A-23340C48220C}.Debug|x86.Build.0 = Debug|Win32
		{FE2627B7-EE9A-4103-B80A-23340C48220C}.Release|Any CPU.ActiveCfg = Release|x64
		{FE2627B7-EE9A-4103-B80A-23340C48220C}.Release|Any CPU.Build.0 = Release|x64
		{FE2627B7-EE9A-4103-B80A-23340C48220C}.Release|x64.ActiveCfg = Release|x64
		{FE2627B7-EE9A-4103-B80A-23340C48220C}.Release|x64.Build.0 = Release|x64
		{FE2627B7-EE9A-4103-B80A-23340C48220C}.Release|x86.ActiveCfg = Release|Win32
		{FE2627B7-EE9A-4103-B80A-23340C48220C}.Release|x86.Build.0 = Release|Win32
		{2723CEDF-8858-4D13-BCB7-5A1CF1799CD2}.Debug|Any CPU.ActiveCfg = Debug|x64
		{2723CEDF-8858-4D13-BCB7-5A1CF1799CD2}.Debug|Any CPU.Build.0 = Debug|x64
		{2723CEDF-8858-4D13-BCB7-5A1CF1799CD2}.Debug|x64.ActiveCfg = Debug|x64
		{2723CEDF-8858-4D13-BCB7-5A1CF1799CD2}.Debug|x64.Build.0 = Debug|x64
		{2723CEDF-8858-4D13-BCB7-5A1CF1799CD2}.Debug|x86.ActiveCfg = Debug|Win32
		{2723CEDF-8858-4D13-BCB7-5A1CF1799CD2}.Debug|x86.Build.0 = Debug|Win32
		{2723CEDF-8858-4D13-BCB7-5A1CF1799CD2}.Release|Any CPU.ActiveCfg = Release|x64
		{2723CEDF-8858-4D13-BCB7-5A1CF1799CD2}.Release|Any CPU.Build.0 = Release|x64
		{2723CEDF-8858-4D13-BCB7-5A1CF1799CD2}.Release|x64.ActiveCfg = Release|x64
		{2723CEDF-8858-4D13-BCB7-5A1CF1799CD2}.Release|x64.Build.0 = Release|x64
		{2723CEDF-8858-4D13-BCB7-5A1CF1799CD2}.Release|x86.ActiveCfg = Release|Win32
		{2723CEDF-8858-4D13-BCB7-5A1CF1799CD2}.Release|x86.Build.0 = Release|Win32
		{8719A75B-DA46-4388-A8A5-0F95550BA003}.Debug|Any CPU.ActiveCfg = Debug|x64
		{8719A75B-DA46-4388-A8A5-0F95550BA003}.Debug|Any CPU.Build.0 = Debug|x64
		{8719A75B-DA46-4388-A8A5-0F95550BA003}.Debug|x64.ActiveCfg = Debug|x64
		{8719A75B-DA46-4388-A8A5-0F95550BA003}.Debug|x64.Build.0 = Debug|x64
		{8719A75B-DA46-4388-A8A5-0F95550BA003}.Debug|x86.ActiveCfg = Debug|Win32
		{8719A75B-DA46-4388-A8A5-0F95550BA003}.Debug|x86.Build.0 = Debug|Win32
		{8719A75B-DA46-4388-A8A5-0F95550BA003}.Release|Any CPU.ActiveCfg = Release|x64
		{8719A75B-DA46-4388-A8A5-0F95550BA003}.Release|Any CPU.Build.0 = Release|x64
		{8719A75B-DA46-4388-A8A5-0F95550BA003}.Release|x64.ActiveCfg = Release|x64
		{8719A75B-DA46-4388-A8A5-0F95550BA003}.Release|x64.Build.0 = Release|x64
		{8719A75B-DA46-4388-A8A5-0F95550BA003}.Release|x86.ActiveCfg = Release|Win32
		{8719A75B-DA46-4388-A8A5-0F95550BA003}.Release|x86.Build.0 = Release|Win32
	EndGlobalSection
	GlobalSection(SolutionProperties) = preSolution
		HideSolutionNode = FALSE
	EndGlobalSection
	GlobalSection(ExtensibilityGlobals) = postSolution
		SolutionGuid = {E667C64D-E725-48A2-80F9-071CB036C431}
	EndGlobalSection
EndGlobal
